
Microsoft Visual Studio Solution File, Format Version 12.00
# Visual Studio 14
VisualStudioVersion = 14.0.24720.0
MinimumVisualStudioVersion = 10.0.40219.1
Project("{8BC9CEB8-8B4A-11D0-8D11-00A0C91BC942}") = "Tutorial 1 - Hello, OpenCL", "OpenCL\Tutorial 1 - Hello, OpenCL\Tutorial 1 - Hello, OpenCL.vcxproj", "{E68A3975-ACAB-4517-A5A4-3940BCF4CF9B}"
EndProject
Project("{8BC9CEB8-8B4A-11D0-8D11-00A0C91BC942}") = "Tutorial 1 - Hello, CUDA", "CUDA\Tutorial 1 - Hello, CUDA\Tutorial 1 - Hello, CUDA.vcxproj", "{35EF189C-6A3C-44A5-9EFE-40FC6C20AB8A}"
EndProject
Project("{8BC9CEB8-8B4A-11D0-8D11-00A0C91BC942}") = "Tutorial 2 - OpenCL load image", "OpenCL\Tutorial 2 - OpenCL load image\Tutorial 2 - OpenCL load image.vcxproj", "{D27A5344-59EA-4276-B828-B0768E8ECA82}"
EndProject
Project("{8BC9CEB8-8B4A-11D0-8D11-00A0C91BC942}") = "Tutorial 2 - CUDA load image", "CUDA\Tutorial 2 - CUDA load image\Tutorial 2 - CUDA load image.vcxproj", "{365BEF91-40D2-4462-AE8C-8DBEFBB2DB3F}"
EndProject
Project("{2150E333-8FDC-42A3-9474-1A3956D46DE8}") = "CUDA", "CUDA", "{6A139FCC-9678-4A85-A12C-8C8E74B80EA5}"
EndProject
Project("{2150E333-8FDC-42A3-9474-1A3956D46DE8}") = "OpenCL", "OpenCL", "{6677E274-9760-4F0B-B5AD-6A9254FB02CA}"
EndProject
Project("{8BC9CEB8-8B4A-11D0-8D11-00A0C91BC942}") = "Tutorial 3 - OpenCL basic image filtering", "OpenCL\Tutorial 3 - OpenCL basic image filtering\Tutorial 3 - OpenCL basic image filtering.vcxproj", "{2B217AC4-8B92-4F2F-BF7A-658D56EFC193}"
EndProject
Project("{8BC9CEB8-8B4A-11D0-8D11-00A0C91BC942}") = "Tutorial 3 - CUDA basic image filtering", "CUDA\Tutorial 3 - CUDA basic image filtering\Tutorial 3 - CUDA basic image filtering.vcxproj", "{20B93A00-1A20-46D6-8841-EB60A002EB08}"
EndProject
Global
	GlobalSection(SolutionConfigurationPlatforms) = preSolution
		Debug|x64 = Debug|x64
		Debug|x86 = Debug|x86
		Release|x64 = Release|x64
		Release|x86 = Release|x86
	EndGlobalSection
	GlobalSection(ProjectConfigurationPlatforms) = postSolution
		{E68A3975-ACAB-4517-A5A4-3940BCF4CF9B}.Debug|x64.ActiveCfg = Debug|x64
		{E68A3975-ACAB-4517-A5A4-3940BCF4CF9B}.Debug|x64.Build.0 = Debug|x64
		{E68A3975-ACAB-4517-A5A4-3940BCF4CF9B}.Debug|x86.ActiveCfg = Debug|Win32
		{E68A3975-ACAB-4517-A5A4-3940BCF4CF9B}.Debug|x86.Build.0 = Debug|Win32
		{E68A3975-ACAB-4517-A5A4-3940BCF4CF9B}.Release|x64.ActiveCfg = Release|x64
		{E68A3975-ACAB-4517-A5A4-3940BCF4CF9B}.Release|x64.Build.0 = Release|x64
		{E68A3975-ACAB-4517-A5A4-3940BCF4CF9B}.Release|x86.ActiveCfg = Release|Win32
		{E68A3975-ACAB-4517-A5A4-3940BCF4CF9B}.Release|x86.Build.0 = Release|Win32
		{35EF189C-6A3C-44A5-9EFE-40FC6C20AB8A}.Debug|x64.ActiveCfg = Debug|x64
		{35EF189C-6A3C-44A5-9EFE-40FC6C20AB8A}.Debug|x64.Build.0 = Debug|x64
		{35EF189C-6A3C-44A5-9EFE-40FC6C20AB8A}.Debug|x86.ActiveCfg = Debug|Win32
		{35EF189C-6A3C-44A5-9EFE-40FC6C20AB8A}.Debug|x86.Build.0 = Debug|Win32
		{35EF189C-6A3C-44A5-9EFE-40FC6C20AB8A}.Release|x64.ActiveCfg = Release|x64
		{35EF189C-6A3C-44A5-9EFE-40FC6C20AB8A}.Release|x64.Build.0 = Release|x64
		{35EF189C-6A3C-44A5-9EFE-40FC6C20AB8A}.Release|x86.ActiveCfg = Release|Win32
		{35EF189C-6A3C-44A5-9EFE-40FC6C20AB8A}.Release|x86.Build.0 = Release|Win32
		{D27A5344-59EA-4276-B828-B0768E8ECA82}.Debug|x64.ActiveCfg = Debug|x64
		{D27A5344-59EA-4276-B828-B0768E8ECA82}.Debug|x64.Build.0 = Debug|x64
		{D27A5344-59EA-4276-B828-B0768E8ECA82}.Debug|x86.ActiveCfg = Debug|Win32
		{D27A5344-59EA-4276-B828-B0768E8ECA82}.Debug|x86.Build.0 = Debug|Win32
		{D27A5344-59EA-4276-B828-B0768E8ECA82}.Release|x64.ActiveCfg = Release|x64
		{D27A5344-59EA-4276-B828-B0768E8ECA82}.Release|x64.Build.0 = Release|x64
		{D27A5344-59EA-4276-B828-B0768E8ECA82}.Release|x86.ActiveCfg = Release|Win32
		{D27A5344-59EA-4276-B828-B0768E8ECA82}.Release|x86.Build.0 = Release|Win32
		{365BEF91-40D2-4462-AE8C-8DBEFBB2DB3F}.Debug|x64.ActiveCfg = Debug|x64
		{365BEF91-40D2-4462-AE8C-8DBEFBB2DB3F}.Debug|x64.Build.0 = Debug|x64
		{365BEF91-40D2-4462-AE8C-8DBEFBB2DB3F}.Debug|x86.ActiveCfg = Debug|Win32
		{365BEF91-40D2-4462-AE8C-8DBEFBB2DB3F}.Debug|x86.Build.0 = Debug|Win32
		{365BEF91-40D2-4462-AE8C-8DBEFBB2DB3F}.Release|x64.ActiveCfg = Release|x64
		{365BEF91-40D2-4462-AE8C-8DBEFBB2DB3F}.Release|x64.Build.0 = Release|x64
		{365BEF91-40D2-4462-AE8C-8DBEFBB2DB3F}.Release|x86.ActiveCfg = Release|Win32
		{365BEF91-40D2-4462-AE8C-8DBEFBB2DB3F}.Release|x86.Build.0 = Release|Win32
		{2B217AC4-8B92-4F2F-BF7A-658D56EFC193}.Debug|x64.ActiveCfg = Debug|x64
		{2B217AC4-8B92-4F2F-BF7A-658D56EFC193}.Debug|x64.Build.0 = Debug|x64
		{2B217AC4-8B92-4F2F-BF7A-658D56EFC193}.Debug|x86.ActiveCfg = Debug|Win32
		{2B217AC4-8B92-4F2F-BF7A-658D56EFC193}.Debug|x86.Build.0 = Debug|Win32
		{2B217AC4-8B92-4F2F-BF7A-658D56EFC193}.Release|x64.ActiveCfg = Release|x64
		{2B217AC4-8B92-4F2F-BF7A-658D56EFC193}.Release|x64.Build.0 = Release|x64
		{2B217AC4-8B92-4F2F-BF7A-658D56EFC193}.Release|x86.ActiveCfg = Release|Win32
		{2B217AC4-8B92-4F2F-BF7A-658D56EFC193}.Release|x86.Build.0 = Release|Win32
		{20B93A00-1A20-46D6-8841-EB60A002EB08}.Debug|x64.ActiveCfg = Debug|x64
		{20B93A00-1A20-46D6-8841-EB60A002EB08}.Debug|x64.Build.0 = Debug|x64
		{20B93A00-1A20-46D6-8841-EB60A002EB08}.Debug|x86.ActiveCfg = Debug|Win32
		{20B93A00-1A20-46D6-8841-EB60A002EB08}.Debug|x86.Build.0 = Debug|Win32
		{20B93A00-1A20-46D6-8841-EB60A002EB08}.Release|x64.ActiveCfg = Release|x64
		{20B93A00-1A20-46D6-8841-EB60A002EB08}.Release|x64.Build.0 = Release|x64
		{20B93A00-1A20-46D6-8841-EB60A002EB08}.Release|x86.ActiveCfg = Release|Win32
		{20B93A00-1A20-46D6-8841-EB60A002EB08}.Release|x86.Build.0 = Release|Win32
	EndGlobalSection
	GlobalSection(SolutionProperties) = preSolution
		HideSolutionNode = FALSE
	EndGlobalSection
	GlobalSection(NestedProjects) = preSolution
		{E68A3975-ACAB-4517-A5A4-3940BCF4CF9B} = {6677E274-9760-4F0B-B5AD-6A9254FB02CA}
		{35EF189C-6A3C-44A5-9EFE-40FC6C20AB8A} = {6A139FCC-9678-4A85-A12C-8C8E74B80EA5}
		{D27A5344-59EA-4276-B828-B0768E8ECA82} = {6677E274-9760-4F0B-B5AD-6A9254FB02CA}
		{365BEF91-40D2-4462-AE8C-8DBEFBB2DB3F} = {6A139FCC-9678-4A85-A12C-8C8E74B80EA5}
		{2B217AC4-8B92-4F2F-BF7A-658D56EFC193} = {6677E274-9760-4F0B-B5AD-6A9254FB02CA}
		{20B93A00-1A20-46D6-8841-EB60A002EB08} = {6A139FCC-9678-4A85-A12C-8C8E74B80EA5}
	EndGlobalSection
EndGlobal
